// !$*UTF8*$!
{
	archiveVersion = 1;
	classes = {
	};
	objectVersion = 48;
	objects = {

/* Begin PBXBuildFile section */
		8F1A7315206A0BB300FA92E0 /* AppDelegate.swift in Sources */ = {isa = PBXBuildFile; fileRef = 8F1A7314206A0BB300FA92E0 /* AppDelegate.swift */; };
		8F1A7317206A0BB300FA92E0 /* ViewController.swift in Sources */ = {isa = PBXBuildFile; fileRef = 8F1A7316206A0BB300FA92E0 /* ViewController.swift */; };
		8F1A731A206A0BB300FA92E0 /* Main.storyboard in Resources */ = {isa = PBXBuildFile; fileRef = 8F1A7318206A0BB300FA92E0 /* Main.storyboard */; };
		8F1A731C206A0BB300FA92E0 /* Assets.xcassets in Resources */ = {isa = PBXBuildFile; fileRef = 8F1A731B206A0BB300FA92E0 /* Assets.xcassets */; };
		8F1A731F206A0BB300FA92E0 /* LaunchScreen.storyboard in Resources */ = {isa = PBXBuildFile; fileRef = 8F1A731D206A0BB300FA92E0 /* LaunchScreen.storyboard */; };
		8F1A732B206A214400FA92E0 /* KeyboardToolbarView.swift in Sources */ = {isa = PBXBuildFile; fileRef = 8F1A7329206A214400FA92E0 /* KeyboardToolbarView.swift */; };
		8F1A732C206A214400FA92E0 /* KeyboardToolbarView.xib in Resources */ = {isa = PBXBuildFile; fileRef = 8F1A732A206A214400FA92E0 /* KeyboardToolbarView.xib */; };
		8F1A7333206B498200FA92E0 /* UIView+Load.swift in Sources */ = {isa = PBXBuildFile; fileRef = 8F1A7332206B498200FA92E0 /* UIView+Load.swift */; };
		8F1A7335206B49C500FA92E0 /* NSObject+NameOfClass.swift in Sources */ = {isa = PBXBuildFile; fileRef = 8F1A7334206B49C500FA92E0 /* NSObject+NameOfClass.swift */; };
/* End PBXBuildFile section */

/* Begin PBXFileReference section */
		8F1A7311206A0BB200FA92E0 /* HeaderKeyboardSwift.app */ = {isa = PBXFileReference; explicitFileType = wrapper.application; includeInIndex = 0; path = HeaderKeyboardSwift.app; sourceTree = BUILT_PRODUCTS_DIR; };
		8F1A7314206A0BB300FA92E0 /* AppDelegate.swift */ = {isa = PBXFileReference; lastKnownFileType = sourcecode.swift; path = AppDelegate.swift; sourceTree = "<group>"; };
		8F1A7316206A0BB300FA92E0 /* ViewController.swift */ = {isa = PBXFileReference; lastKnownFileType = sourcecode.swift; path = ViewController.swift; sourceTree = "<group>"; };
		8F1A7319206A0BB300FA92E0 /* Base */ = {isa = PBXFileReference; lastKnownFileType = file.storyboard; name = Base; path = Base.lproj/Main.storyboard; sourceTree = "<group>"; };
		8F1A731B206A0BB300FA92E0 /* Assets.xcassets */ = {isa = PBXFileReference; lastKnownFileType = folder.assetcatalog; path = Assets.xcassets; sourceTree = "<group>"; };
		8F1A731E206A0BB300FA92E0 /* Base */ = {isa = PBXFileReference; lastKnownFileType = file.storyboard; name = Base; path = Base.lproj/LaunchScreen.storyboard; sourceTree = "<group>"; };
		8F1A7320206A0BB300FA92E0 /* Info.plist */ = {isa = PBXFileReference; lastKnownFileType = text.plist.xml; path = Info.plist; sourceTree = "<group>"; };
		8F1A7329206A214400FA92E0 /* KeyboardToolbarView.swift */ = {isa = PBXFileReference; lastKnownFileType = sourcecode.swift; path = KeyboardToolbarView.swift; sourceTree = "<group>"; };
		8F1A732A206A214400FA92E0 /* KeyboardToolbarView.xib */ = {isa = PBXFileReference; lastKnownFileType = file.xib; path = KeyboardToolbarView.xib; sourceTree = "<group>"; };
		8F1A7332206B498200FA92E0 /* UIView+Load.swift */ = {isa = PBXFileReference; fileEncoding = 4; lastKnownFileType = sourcecode.swift; path = "UIView+Load.swift"; sourceTree = "<group>"; };
		8F1A7334206B49C500FA92E0 /* NSObject+NameOfClass.swift */ = {isa = PBXFileReference; fileEncoding = 4; lastKnownFileType = sourcecode.swift; path = "NSObject+NameOfClass.swift"; sourceTree = "<group>"; };
/* End PBXFileReference section */

/* Begin PBXFrameworksBuildPhase section */
		8F1A730E206A0BB200FA92E0 /* Frameworks */ = {
			isa = PBXFrameworksBuildPhase;
			buildActionMask = 2147483647;
			files = (
			);
			runOnlyForDeploymentPostprocessing = 0;
		};
/* End PBXFrameworksBuildPhase section */

/* Begin PBXGroup section */
		8F1A7308206A0BB200FA92E0 = {
			isa = PBXGroup;
			children = (
				8F1A732F206B496300FA92E0 /* External */,
				8F1A7328206A211700FA92E0 /* KeyboardToolbar */,
				8F1A7313206A0BB200FA92E0 /* HeaderKeyboardSwift */,
				8F1A7312206A0BB200FA92E0 /* Products */,
			);
			sourceTree = "<group>";
		};
		8F1A7312206A0BB200FA92E0 /* Products */ = {
			isa = PBXGroup;
			children = (
				8F1A7311206A0BB200FA92E0 /* HeaderKeyboardSwift.app */,
			);
			name = Products;
			sourceTree = "<group>";
		};
		8F1A7313206A0BB200FA92E0 /* HeaderKeyboardSwift */ = {
			isa = PBXGroup;
			children = (
				8F1A7314206A0BB300FA92E0 /* AppDelegate.swift */,
				8F1A7316206A0BB300FA92E0 /* ViewController.swift */,
				8F1A7318206A0BB300FA92E0 /* Main.storyboard */,
				8F1A731B206A0BB300FA92E0 /* Assets.xcassets */,
				8F1A731D206A0BB300FA92E0 /* LaunchScreen.storyboard */,
				8F1A7320206A0BB300FA92E0 /* Info.plist */,
			);
			path = HeaderKeyboardSwift;
			sourceTree = "<group>";
		};
		8F1A7328206A211700FA92E0 /* KeyboardToolbar */ = {
			isa = PBXGroup;
			children = (
				8F1A7329206A214400FA92E0 /* KeyboardToolbarView.swift */,
				8F1A732A206A214400FA92E0 /* KeyboardToolbarView.xib */,
			);
			path = KeyboardToolbar;
			sourceTree = "<group>";
		};
		8F1A732F206B496300FA92E0 /* External */ = {
			isa = PBXGroup;
			children = (
				8F1A7331206B496F00FA92E0 /* Layout */,
			);
			path = External;
			sourceTree = "<group>";
		};
		8F1A7331206B496F00FA92E0 /* Layout */ = {
			isa = PBXGroup;
			children = (
				8F1A7334206B49C500FA92E0 /* NSObject+NameOfClass.swift */,
				8F1A7332206B498200FA92E0 /* UIView+Load.swift */,
			);
			path = Layout;
			sourceTree = "<group>";
		};
/* End PBXGroup section */

/* Begin PBXNativeTarget section */
		8F1A7310206A0BB200FA92E0 /* HeaderKeyboardSwift */ = {
			isa = PBXNativeTarget;
			buildConfigurationList = 8F1A7323206A0BB300FA92E0 /* Build configuration list for PBXNativeTarget "HeaderKeyboardSwift" */;
			buildPhases = (
				8F1A730D206A0BB200FA92E0 /* Sources */,
				8F1A730E206A0BB200FA92E0 /* Frameworks */,
				8F1A730F206A0BB200FA92E0 /* Resources */,
			);
			buildRules = (
			);
			dependencies = (
			);
			name = HeaderKeyboardSwift;
			productName = HeaderKeyboardSwift;
			productReference = 8F1A7311206A0BB200FA92E0 /* HeaderKeyboardSwift.app */;
			productType = "com.apple.product-type.application";
		};
/* End PBXNativeTarget section */

/* Begin PBXProject section */
		8F1A7309206A0BB200FA92E0 /* Project object */ = {
			isa = PBXProject;
			attributes = {
				LastSwiftUpdateCheck = 0920;
				LastUpgradeCheck = 0920;
				ORGANIZATIONNAME = "Magora-Systems";
				TargetAttributes = {
					8F1A7310206A0BB200FA92E0 = {
						CreatedOnToolsVersion = 9.2;
						ProvisioningStyle = Automatic;
					};
				};
			};
			buildConfigurationList = 8F1A730C206A0BB200FA92E0 /* Build configuration list for PBXProject "HeaderKeyboardSwift" */;
			compatibilityVersion = "Xcode 8.0";
			developmentRegion = en;
			hasScannedForEncodings = 0;
			knownRegions = (
				en,
				Base,
			);
			mainGroup = 8F1A7308206A0BB200FA92E0;
			productRefGroup = 8F1A7312206A0BB200FA92E0 /* Products */;
			projectDirPath = "";
			projectRoot = "";
			targets = (
				8F1A7310206A0BB200FA92E0 /* HeaderKeyboardSwift */,
			);
		};
/* End PBXProject section */

/* Begin PBXResourcesBuildPhase section */
		8F1A730F206A0BB200FA92E0 /* Resources */ = {
			isa = PBXResourcesBuildPhase;
			buildActionMask = 2147483647;
			files = (
				8F1A731F206A0BB300FA92E0 /* LaunchScreen.storyboard in Resources */,
				8F1A731C206A0BB300FA92E0 /* Assets.xcassets in Resources */,
				8F1A731A206A0BB300FA92E0 /* Main.storyboard in Resources */,
				8F1A732C206A214400FA92E0 /* KeyboardToolbarView.xib in Resources */,
			);
			runOnlyForDeploymentPostprocessing = 0;
		};
/* End PBXResourcesBuildPhase section */

/* Begin PBXSourcesBuildPhase section */
		8F1A730D206A0BB200FA92E0 /* Sources */ = {
			isa = PBXSourcesBuildPhase;
			buildActionMask = 2147483647;
			files = (
				8F1A7335206B49C500FA92E0 /* NSObject+NameOfClass.swift in Sources */,
				8F1A7333206B498200FA92E0 /* UIView+Load.swift in Sources */,
				8F1A7317206A0BB300FA92E0 /* ViewController.swift in Sources */,
				8F1A732B206A214400FA92E0 /* KeyboardToolbarView.swift in Sources */,
				8F1A7315206A0BB300FA92E0 /* AppDelegate.swift in Sources */,
			);
			runOnlyForDeploymentPostprocessing = 0;
		};
/* End PBXSourcesBuildPhase section */

/* Begin PBXVariantGroup section */
		8F1A7318206A0BB300FA92E0 /* Main.storyboard */ = {
			isa = PBXVariantGroup;
			children = (
				8F1A7319206A0BB300FA92E0 /* Base */,
			);
			name = Main.storyboard;
			sourceTree = "<group>";
		};
		8F1A731D206A0BB300FA92E0 /* LaunchScreen.storyboard */ = {
			isa = PBXVariantGroup;
			children = (
				8F1A731E206A0BB300FA92E0 /* Base */,
			);
			name = LaunchScreen.storyboard;
			sourceTree = "<group>";
		};
/* End PBXVariantGroup section */

/* Begin XCBuildConfiguration section */
		8F1A7321206A0BB300FA92E0 /* Debug */ = {
			isa = XCBuildConfiguration;
			buildSettings = {
				ALWAYS_SEARCH_USER_PATHS = NO;
				CLANG_ANALYZER_NONNULL = YES;
				CLANG_ANALYZER_NUMBER_OBJECT_CONVERSION = YES_AGGRESSIVE;
				CLANG_CXX_LANGUAGE_STANDARD = "gnu++14";
				CLANG_CXX_LIBRARY = "libc++";
				CLANG_ENABLE_MODULES = YES;
				CLANG_ENABLE_OBJC_ARC = YES;
				CLANG_WARN_BLOCK_CAPTURE_AUTORELEASING = YES;
				CLANG_WARN_BOOL_CONVERSION = YES;
				CLANG_WARN_COMMA = YES;
				CLANG_WARN_CONSTANT_CONVERSION = YES;
				CLANG_WARN_DIRECT_OBJC_ISA_USAGE = YES_ERROR;
				CLANG_WARN_DOCUMENTATION_COMMENTS = YES;
				CLANG_WARN_EMPTY_BODY = YES;
				CLANG_WARN_ENUM_CONVERSION = YES;
				CLANG_WARN_INFINITE_RECURSION = YES;
				CLANG_WARN_INT_CONVERSION = YES;
				CLANG_WARN_NON_LITERAL_NULL_CONVERSION = YES;
				CLANG_WARN_OBJC_LITERAL_CONVERSION = YES;
				CLANG_WARN_OBJC_ROOT_CLASS = YES_ERROR;
				CLANG_WARN_RANGE_LOOP_ANALYSIS = YES;
				CLANG_WARN_STRICT_PROTOTYPES = YES;
				CLANG_WARN_SUSPICIOUS_MOVE = YES;
				CLANG_WARN_UNGUARDED_AVAILABILITY = YES_AGGRESSIVE;
				CLANG_WARN_UNREACHABLE_CODE = YES;
				CLANG_WARN__DUPLICATE_METHOD_MATCH = YES;
				CODE_SIGN_IDENTITY = "iPhone Developer";
				COPY_PHASE_STRIP = NO;
				DEBUG_INFORMATION_FORMAT = dwarf;
				ENABLE_STRICT_OBJC_MSGSEND = YES;
				ENABLE_TESTABILITY = YES;
				GCC_C_LANGUAGE_STANDARD = gnu11;
				GCC_DYNAMIC_NO_PIC = NO;
				GCC_NO_COMMON_BLOCKS = YES;
				GCC_OPTIMIZATION_LEVEL = 0;
				GCC_PREPROCESSOR_DEFINITIONS = (
					"DEBUG=1",
					"$(inherited)",
				);
				GCC_WARN_64_TO_32_BIT_CONVERSION = YES;
				GCC_WARN_ABOUT_RETURN_TYPE = YES_ERROR;
				GCC_WARN_UNDECLARED_SELECTOR = YES;
				GCC_WARN_UNINITIALIZED_AUTOS = YES_AGGRESSIVE;
				GCC_WARN_UNUSED_FUNCTION = YES;
				GCC_WARN_UNUSED_VARIABLE = YES;
				IPHONEOS_DEPLOYMENT_TARGET = 11.2;
				MTL_ENABLE_DEBUG_INFO = YES;
				ONLY_ACTIVE_ARCH = YES;
				SDKROOT = iphoneos;
				SWIFT_ACTIVE_COMPILATION_CONDITIONS = DEBUG;
				SWIFT_OPTIMIZATION_LEVEL = "-Onone";
			};
			name = Debug;
		};
		8F1A7322206A0BB300FA92E0 /* Release */ = {
			isa = XCBuildConfiguration;
			buildSettings = {
				ALWAYS_SEARCH_USER_PATHS = NO;
				CLANG_ANALYZER_NONNULL = YES;
				CLANG_ANALYZER_NUMBER_OBJECT_CONVERSION = YES_AGGRESSIVE;
				CLANG_CXX_LANGUAGE_STANDARD = "gnu++14";
				CLANG_CXX_LIBRARY = "libc++";
				CLANG_ENABLE_MODULES = YES;
				CLANG_ENABLE_OBJC_ARC = YES;
				CLANG_WARN_BLOCK_CAPTURE_AUTORELEASING = YES;
				CLANG_WARN_BOOL_CONVERSION = YES;
				CLANG_WARN_COMMA = YES;
				CLANG_WARN_CONSTANT_CONVERSION = YES;
				CLANG_WARN_DIRECT_OBJC_ISA_USAGE = YES_ERROR;
				CLANG_WARN_DOCUMENTATION_COMMENTS = YES;
				CLANG_WARN_EMPTY_BODY = YES;
				CLANG_WARN_ENUM_CONVERSION = YES;
				CLANG_WARN_INFINITE_RECURSION = YES;
				CLANG_WARN_INT_CONVERSION = YES;
				CLANG_WARN_NON_LITERAL_NULL_CONVERSION = YES;
				CLANG_WARN_OBJC_LITERAL_CONVERSION = YES;
				CLANG_WARN_OBJC_ROOT_CLASS = YES_ERROR;
				CLANG_WARN_RANGE_LOOP_ANALYSIS = YES;
				CLANG_WARN_STRICT_PROTOTYPES = YES;
				CLANG_WARN_SUSPICIOUS_MOVE = YES;
				CLANG_WARN_UNGUARDED_AVAILABILITY = YES_AGGRESSIVE;
				CLANG_WARN_UNREACHABLE_CODE = YES;
				CLANG_WARN__DUPLICATE_METHOD_MATCH = YES;
				CODE_SIGN_IDENTITY = "iPhone Developer";
				COPY_PHASE_STRIP = NO;
				DEBUG_INFORMATION_FORMAT = "dwarf-with-dsym";
				ENABLE_NS_ASSERTIONS = NO;
				ENABLE_STRICT_OBJC_MSGSEND = YES;
				GCC_C_LANGUAGE_STANDARD = gnu11;
				GCC_NO_COMMON_BLOCKS = YES;
				GCC_WARN_64_TO_32_BIT_CONVERSION = YES;
				GCC_WARN_ABOUT_RETURN_TYPE = YES_ERROR;
				GCC_WARN_UNDECLARED_SELECTOR = YES;
				GCC_WARN_UNINITIALIZED_AUTOS = YES_AGGRESSIVE;
				GCC_WARN_UNUSED_FUNCTION = YES;
				GCC_WARN_UNUSED_VARIABLE = YES;
				IPHONEOS_DEPLOYMENT_TARGET = 11.2;
				MTL_ENABLE_DEBUG_INFO = NO;
				SDKROOT = iphoneos;
				SWIFT_OPTIMIZATION_LEVEL = "-Owholemodule";
				VALIDATE_PRODUCT = YES;
			};
			name = Release;
		};
		8F1A7324206A0BB300FA92E0 /* Debug */ = {
			isa = XCBuildConfiguration;
			buildSettings = {
				ASSETCATALOG_COMPILER_APPICON_NAME = AppIcon;
				CODE_SIGN_STYLE = Automatic;
				DEVELOPMENT_TEAM = 65B5B68C2U;
				INFOPLIST_FILE = HeaderKeyboardSwift/Info.plist;
				LD_RUNPATH_SEARCH_PATHS = "$(inherited) @executable_path/Frameworks";
				PRODUCT_BUNDLE_IDENTIFIER = "com.magora-systems.HeaderKeyboardSwift";
				PRODUCT_NAME = "$(TARGET_NAME)";
				SWIFT_VERSION = 4.0;
				TARGETED_DEVICE_FAMILY = "1,2";
			};
			name = Debug;
		};
		8F1A7325206A0BB300FA92E0 /* Release */ = {
			isa = XCBuildConfiguration;
			buildSettings = {
				ASSETCATALOG_COMPILER_APPICON_NAME = AppIcon;
				CODE_SIGN_STYLE = Automatic;
				DEVELOPMENT_TEAM = 65B5B68C2U;
				INFOPLIST_FILE = HeaderKeyboardSwift/Info.plist;
				LD_RUNPATH_SEARCH_PATHS = "$(inherited) @executable_path/Frameworks";
				PRODUCT_BUNDLE_IDENTIFIER = "com.magora-systems.HeaderKeyboardSwift";
				PRODUCT_NAME = "$(TARGET_NAME)";
				SWIFT_VERSION = 4.0;
				TARGETED_DEVICE_FAMILY = "1,2";
			};
			name = Release;
		};
/* End XCBuildConfiguration section */

/* Begin XCConfigurationList section */
		8F1A730C206A0BB200FA92E0 /* Build configuration list for PBXProject "HeaderKeyboardSwift" */ = {
			isa = XCConfigurationList;
			buildConfigurations = (
				8F1A7321206A0BB300FA92E0 /* Debug */,
				8F1A7322206A0BB300FA92E0 /* Release */,
			);
			defaultConfigurationIsVisible = 0;
			defaultConfigurationName = Release;
		};
		8F1A7323206A0BB300FA92E0 /* Build configuration list for PBXNativeTarget "HeaderKeyboardSwift" */ = {
			isa = XCConfigurationList;
			buildConfigurations = (
				8F1A7324206A0BB300FA92E0 /* Debug */,
				8F1A7325206A0BB300FA92E0 /* Release */,
			);
			defaultConfigurationIsVisible = 0;
			defaultConfigurationName = Release;
		};
/* End XCConfigurationList section */
	};
	rootObject = 8F1A7309206A0BB200FA92E0 /* Project object */;
}
